
Microsoft Visual Studio Solution File, Format Version 12.00
# Visual Studio Version 17
VisualStudioVersion = 17.14.36127.28 d17.14
MinimumVisualStudioVersion = 10.0.40219.1
Project("{FAE04EC0-301F-11D3-BF4B-00C04F79EFBC}") = "Interface", "Interface.csproj", "{6320E071-5CF9-4D18-9B1C-4B22DEAB356C}"
EndProject
Global
	GlobalSection(SolutionConfigurationPlatforms) = preSolution
		Debug|Any CPU = Debug|Any CPU
		Release|Any CPU = Release|Any CPU
	EndGlobalSection
	GlobalSection(ProjectConfigurationPlatforms) = postSolution
		{6320E071-5CF9-4D18-9B1C-4B22DEAB356C}.Debug|Any CPU.ActiveCfg = Debug|Any CPU
		{6320E071-5CF9-4D18-9B1C-4B22DEAB356C}.Debug|Any CPU.Build.0 = Debug|Any CPU
		{6320E071-5CF9-4D18-9B1C-4B22DEAB356C}.Release|Any CPU.ActiveCfg = Release|Any CPU
		{6320E071-5CF9-4D18-9B1C-4B22DEAB356C}.Release|Any CPU.Build.0 = Release|Any CPU
	EndGlobalSection
	GlobalSection(SolutionProperties) = preSolution
		HideSolutionNode = FALSE
	EndGlobalSection
	GlobalSection(ExtensibilityGlobals) = postSolution
		SolutionGuid = {322EA25E-09CD-476B-A574-4ACCB750E011}
	EndGlobalSection
EndGlobal
